
Microsoft Visual Studio Solution File, Format Version 12.00
# Visual Studio 15
VisualStudioVersion = 15.0.28307.106
MinimumVisualStudioVersion = 10.0.40219.1
Project("{FAE04EC0-301F-11D3-BF4B-00C04F79EFBC}") = "TestMapper", "TestMapper\TestMapper.csproj", "{B2798866-E21B-42BD-885B-0B60CDEB5901}"
EndProject
Project("{FAE04EC0-301F-11D3-BF4B-00C04F79EFBC}") = "MapperTests", "MapperTests\MapperTests.csproj", "{C8C9E018-18FA-4E7F-AD67-1A39C34F272D}"
EndProject
Global
	GlobalSection(SolutionConfigurationPlatforms) = preSolution
		Debug|Any CPU = Debug|Any CPU
		Release|Any CPU = Release|Any CPU
	EndGlobalSection
	GlobalSection(ProjectConfigurationPlatforms) = postSolution
		{B2798866-E21B-42BD-885B-0B60CDEB5901}.Debug|Any CPU.ActiveCfg = Debug|Any CPU
		{B2798866-E21B-42BD-885B-0B60CDEB5901}.Debug|Any CPU.Build.0 = Debug|Any CPU
		{B2798866-E21B-42BD-885B-0B60CDEB5901}.Release|Any CPU.ActiveCfg = Release|Any CPU
		{B2798866-E21B-42BD-885B-0B60CDEB5901}.Release|Any CPU.Build.0 = Release|Any CPU
		{C8C9E018-18FA-4E7F-AD67-1A39C34F272D}.Debug|Any CPU.ActiveCfg = Debug|Any CPU
		{C8C9E018-18FA-4E7F-AD67-1A39C34F272D}.Debug|Any CPU.Build.0 = Debug|Any CPU
		{C8C9E018-18FA-4E7F-AD67-1A39C34F272D}.Release|Any CPU.ActiveCfg = Release|Any CPU
		{C8C9E018-18FA-4E7F-AD67-1A39C34F272D}.Release|Any CPU.Build.0 = Release|Any CPU
	EndGlobalSection
	GlobalSection(SolutionProperties) = preSolution
		HideSolutionNode = FALSE
	EndGlobalSection
	GlobalSection(ExtensibilityGlobals) = postSolution
		SolutionGuid = {C7929364-B936-4D7E-8A60-62C232CA03A6}
	EndGlobalSection
EndGlobal
